
Microsoft Visual Studio Solution File, Format Version 12.00
# Visual Studio Version 16
VisualStudioVersion = 16.0.29409.12
MinimumVisualStudioVersion = 10.0.40219.1
Project("{9A19103F-16F7-4668-BE54-9A1E7A4F7556}") = "Admin.Core", "Admin.Core\Admin.Core.csproj", "{6F47A41A-085E-4422-BB73-5A2CBAA07D9F}"
EndProject
Project("{9A19103F-16F7-4668-BE54-9A1E7A4F7556}") = "Admin.Core.Model", "Admin.Core.Model\Admin.Core.Model.csproj", "{E725F0A1-0B03-406F-B84B-0F486C6137FC}"
EndProject
Project("{9A19103F-16F7-4668-BE54-9A1E7A4F7556}") = "Admin.Core.Repository", "Admin.Core.Repository\Admin.Core.Repository.csproj", "{8D651E7F-49D3-4D27-8486-ADCF000BB24D}"
EndProject
Project("{9A19103F-16F7-4668-BE54-9A1E7A4F7556}") = "Admin.Core.Service", "Admin.Core.Services\Admin.Core.Service.csproj", "{A2EFEFFC-39AD-48D2-8337-E6840B26023B}"
EndProject
Project("{9A19103F-16F7-4668-BE54-9A1E7A4F7556}") = "Admin.Core.Common", "Admin.Core.Common\Admin.Core.Common.csproj", "{97D32A49-994C-44C5-A167-51E71D173B6F}"
EndProject
Project("{9A19103F-16F7-4668-BE54-9A1E7A4F7556}") = "Admin.Core.Tests", "Admin.Core.Tests\Admin.Core.Tests.csproj", "{69A9CD28-39CE-415E-8150-A4A876E708FD}"
EndProject
Project("{2150E333-8FDC-42A3-9474-1A3956D46DE8}") = "Source", "Source", "{B34560BF-733F-4E9B-AEBF-C6681D927CC7}"
EndProject
Project("{2150E333-8FDC-42A3-9474-1A3956D46DE8}") = "Web", "Web", "{4DC44C11-D8ED-4F68-AF56-67071A684C43}"
EndProject
Project("{2150E333-8FDC-42A3-9474-1A3956D46DE8}") = "Extensions", "Extensions", "{ED68869C-6949-40A8-91B3-88B2C3DB0335}"
EndProject
Project("{9A19103F-16F7-4668-BE54-9A1E7A4F7556}") = "Blazorise", "Source\Blazorise\Blazorise.csproj", "{5F8D20A0-A341-4B3A-9FB7-4CFDD82DDF7C}"
EndProject
Project("{9A19103F-16F7-4668-BE54-9A1E7A4F7556}") = "Blazorise.AntDesign", "Source\Blazorise.AntDesign\Blazorise.AntDesign.csproj", "{F123E50B-D00A-49BF-A148-C69F0D9D7A7B}"
EndProject
Project("{9A19103F-16F7-4668-BE54-9A1E7A4F7556}") = "Blazorise.Bootstrap", "Source\Blazorise.Bootstrap\Blazorise.Bootstrap.csproj", "{CC2813D6-8E90-4D6B-B764-A5E1D161E515}"
EndProject
Project("{9A19103F-16F7-4668-BE54-9A1E7A4F7556}") = "Blazorise.Bulma", "Source\Blazorise.Bulma\Blazorise.Bulma.csproj", "{460C3585-02A6-4E07-A17F-561D7C436E9D}"
EndProject
Project("{9A19103F-16F7-4668-BE54-9A1E7A4F7556}") = "Blazorise.Frolic", "Source\Blazorise.Frolic\Blazorise.Frolic.csproj", "{B2B84161-C6B1-4CD8-9BE9-8193006E4A86}"
EndProject
Project("{9A19103F-16F7-4668-BE54-9A1E7A4F7556}") = "Blazorise.Material", "Source\Blazorise.Material\Blazorise.Material.csproj", "{4EEF5265-2881-4854-B773-2DFD868DE8FF}"
EndProject
Project("{9A19103F-16F7-4668-BE54-9A1E7A4F7556}") = "Blazorise.Charts", "Source\Extensions\Blazorise.Charts\Blazorise.Charts.csproj", "{D31E8AFA-DAE8-46A7-881C-6C35704D4CC9}"
EndProject
Project("{9A19103F-16F7-4668-BE54-9A1E7A4F7556}") = "Blazorise.Charts.Streaming", "Source\Extensions\Blazorise.Charts.Streaming\Blazorise.Charts.Streaming.csproj", "{A8D0258A-0046-4226-9314-53C0184B15E0}"
EndProject
Project("{9A19103F-16F7-4668-BE54-9A1E7A4F7556}") = "Blazorise.Components", "Source\Extensions\Blazorise.Components\Blazorise.Components.csproj", "{E2E5D4BC-E306-4884-A30A-F781B433D685}"
EndProject
Project("{9A19103F-16F7-4668-BE54-9A1E7A4F7556}") = "Blazorise.DataGrid", "Source\Extensions\Blazorise.DataGrid\Blazorise.DataGrid.csproj", "{A35EDCD8-7D42-4B4D-853B-B2F6EB195905}"
EndProject
Project("{9A19103F-16F7-4668-BE54-9A1E7A4F7556}") = "Blazorise.Icons.FontAwesome", "Source\Extensions\Blazorise.Icons.FontAwesome\Blazorise.Icons.FontAwesome.csproj", "{31BC4A34-6B59-4B1E-8125-76B9AF012CE3}"
EndProject
Project("{9A19103F-16F7-4668-BE54-9A1E7A4F7556}") = "Blazorise.Icons.Material", "Source\Extensions\Blazorise.Icons.Material\Blazorise.Icons.Material.csproj", "{D7DA3733-8975-49FB-904E-08B9151B26DF}"
EndProject
Project("{9A19103F-16F7-4668-BE54-9A1E7A4F7556}") = "Blazorise.RichTextEdit", "Source\Extensions\Blazorise.RichTextEdit\Blazorise.RichTextEdit.csproj", "{99D1B5ED-49BE-42DA-8A96-E9E2F89CB8E7}"
EndProject
Project("{9A19103F-16F7-4668-BE54-9A1E7A4F7556}") = "Blazorise.Sidebar", "Source\Extensions\Blazorise.Sidebar\Blazorise.Sidebar.csproj", "{EF75B143-B270-4D8F-BD12-77677D832B82}"
EndProject
Project("{9A19103F-16F7-4668-BE54-9A1E7A4F7556}") = "Blazorise.Snackbar", "Source\Extensions\Blazorise.Snackbar\Blazorise.Snackbar.csproj", "{B6F42DAD-FA8A-4F09-9E7B-62DE9217641B}"
EndProject
Project("{9A19103F-16F7-4668-BE54-9A1E7A4F7556}") = "Blazorise.TreeView", "Source\Extensions\Blazorise.TreeView\Blazorise.TreeView.csproj", "{B21015C2-7EB3-41D1-9BBD-6F756A0C9AEA}"
EndProject
Project("{9A19103F-16F7-4668-BE54-9A1E7A4F7556}") = "Blazorise.UI", "Web\Blazorise.UI\Blazorise.UI.csproj", "{51FB83FF-43F4-4606-8A45-2B8099F63F66}"
EndProject
Project("{9A19103F-16F7-4668-BE54-9A1E7A4F7556}") = "Blazorise.WebAssembly.Bulma", "Web\Blazorise.WebAssembly.Bulma\Blazorise.WebAssembly.Bulma.csproj", "{AFA1698F-AA02-4702-95B7-1966EB781E7A}"
EndProject
Project("{9A19103F-16F7-4668-BE54-9A1E7A4F7556}") = "Blazorise.Server.Bulma", "Web\Blazorise.Server.Bulma\Blazorise.Server.Bulma.csproj", "{444497E3-75D2-4C8B-8A51-5CFE0608D456}"
EndProject
Global
	GlobalSection(SolutionConfigurationPlatforms) = preSolution
		Debug|Any CPU = Debug|Any CPU
		Release|Any CPU = Release|Any CPU
	EndGlobalSection
	GlobalSection(ProjectConfigurationPlatforms) = postSolution
		{6F47A41A-085E-4422-BB73-5A2CBAA07D9F}.Debug|Any CPU.ActiveCfg = Debug|Any CPU
		{6F47A41A-085E-4422-BB73-5A2CBAA07D9F}.Debug|Any CPU.Build.0 = Debug|Any CPU
		{6F47A41A-085E-4422-BB73-5A2CBAA07D9F}.Release|Any CPU.ActiveCfg = Release|Any CPU
		{6F47A41A-085E-4422-BB73-5A2CBAA07D9F}.Release|Any CPU.Build.0 = Release|Any CPU
		{E725F0A1-0B03-406F-B84B-0F486C6137FC}.Debug|Any CPU.ActiveCfg = Debug|Any CPU
		{E725F0A1-0B03-406F-B84B-0F486C6137FC}.Debug|Any CPU.Build.0 = Debug|Any CPU
		{E725F0A1-0B03-406F-B84B-0F486C6137FC}.Release|Any CPU.ActiveCfg = Release|Any CPU
		{E725F0A1-0B03-406F-B84B-0F486C6137FC}.Release|Any CPU.Build.0 = Release|Any CPU
		{8D651E7F-49D3-4D27-8486-ADCF000BB24D}.Debug|Any CPU.ActiveCfg = Debug|Any CPU
		{8D651E7F-49D3-4D27-8486-ADCF000BB24D}.Debug|Any CPU.Build.0 = Debug|Any CPU
		{8D651E7F-49D3-4D27-8486-ADCF000BB24D}.Release|Any CPU.ActiveCfg = Release|Any CPU
		{8D651E7F-49D3-4D27-8486-ADCF000BB24D}.Release|Any CPU.Build.0 = Release|Any CPU
		{A2EFEFFC-39AD-48D2-8337-E6840B26023B}.Debug|Any CPU.ActiveCfg = Debug|Any CPU
		{A2EFEFFC-39AD-48D2-8337-E6840B26023B}.Debug|Any CPU.Build.0 = Debug|Any CPU
		{A2EFEFFC-39AD-48D2-8337-E6840B26023B}.Release|Any CPU.ActiveCfg = Release|Any CPU
		{A2EFEFFC-39AD-48D2-8337-E6840B26023B}.Release|Any CPU.Build.0 = Release|Any CPU
		{97D32A49-994C-44C5-A167-51E71D173B6F}.Debug|Any CPU.ActiveCfg = Debug|Any CPU
		{97D32A49-994C-44C5-A167-51E71D173B6F}.Debug|Any CPU.Build.0 = Debug|Any CPU
		{97D32A49-994C-44C5-A167-51E71D173B6F}.Release|Any CPU.ActiveCfg = Release|Any CPU
		{97D32A49-994C-44C5-A167-51E71D173B6F}.Release|Any CPU.Build.0 = Release|Any CPU
		{69A9CD28-39CE-415E-8150-A4A876E708FD}.Debug|Any CPU.ActiveCfg = Debug|Any CPU
		{69A9CD28-39CE-415E-8150-A4A876E708FD}.Debug|Any CPU.Build.0 = Debug|Any CPU
		{69A9CD28-39CE-415E-8150-A4A876E708FD}.Release|Any CPU.ActiveCfg = Release|Any CPU
		{69A9CD28-39CE-415E-8150-A4A876E708FD}.Release|Any CPU.Build.0 = Release|Any CPU
		{5F8D20A0-A341-4B3A-9FB7-4CFDD82DDF7C}.Debug|Any CPU.ActiveCfg = Debug|Any CPU
		{5F8D20A0-A341-4B3A-9FB7-4CFDD82DDF7C}.Debug|Any CPU.Build.0 = Debug|Any CPU
		{5F8D20A0-A341-4B3A-9FB7-4CFDD82DDF7C}.Release|Any CPU.ActiveCfg = Release|Any CPU
		{5F8D20A0-A341-4B3A-9FB7-4CFDD82DDF7C}.Release|Any CPU.Build.0 = Release|Any CPU
		{F123E50B-D00A-49BF-A148-C69F0D9D7A7B}.Debug|Any CPU.ActiveCfg = Debug|Any CPU
		{F123E50B-D00A-49BF-A148-C69F0D9D7A7B}.Debug|Any CPU.Build.0 = Debug|Any CPU
		{F123E50B-D00A-49BF-A148-C69F0D9D7A7B}.Release|Any CPU.ActiveCfg = Release|Any CPU
		{F123E50B-D00A-49BF-A148-C69F0D9D7A7B}.Release|Any CPU.Build.0 = Release|Any CPU
		{CC2813D6-8E90-4D6B-B764-A5E1D161E515}.Debug|Any CPU.ActiveCfg = Debug|Any CPU
		{CC2813D6-8E90-4D6B-B764-A5E1D161E515}.Debug|Any CPU.Build.0 = Debug|Any CPU
		{CC2813D6-8E90-4D6B-B764-A5E1D161E515}.Release|Any CPU.ActiveCfg = Release|Any CPU
		{CC2813D6-8E90-4D6B-B764-A5E1D161E515}.Release|Any CPU.Build.0 = Release|Any CPU
		{460C3585-02A6-4E07-A17F-561D7C436E9D}.Debug|Any CPU.ActiveCfg = Debug|Any CPU
		{460C3585-02A6-4E07-A17F-561D7C436E9D}.Debug|Any CPU.Build.0 = Debug|Any CPU
		{460C3585-02A6-4E07-A17F-561D7C436E9D}.Release|Any CPU.ActiveCfg = Release|Any CPU
		{460C3585-02A6-4E07-A17F-561D7C436E9D}.Release|Any CPU.Build.0 = Release|Any CPU
		{B2B84161-C6B1-4CD8-9BE9-8193006E4A86}.Debug|Any CPU.ActiveCfg = Debug|Any CPU
		{B2B84161-C6B1-4CD8-9BE9-8193006E4A86}.Debug|Any CPU.Build.0 = Debug|Any CPU
		{B2B84161-C6B1-4CD8-9BE9-8193006E4A86}.Release|Any CPU.ActiveCfg = Release|Any CPU
		{B2B84161-C6B1-4CD8-9BE9-8193006E4A86}.Release|Any CPU.Build.0 = Release|Any CPU
		{4EEF5265-2881-4854-B773-2DFD868DE8FF}.Debug|Any CPU.ActiveCfg = Debug|Any CPU
		{4EEF5265-2881-4854-B773-2DFD868DE8FF}.Debug|Any CPU.Build.0 = Debug|Any CPU
		{4EEF5265-2881-4854-B773-2DFD868DE8FF}.Release|Any CPU.ActiveCfg = Release|Any CPU
		{4EEF5265-2881-4854-B773-2DFD868DE8FF}.Release|Any CPU.Build.0 = Release|Any CPU
		{D31E8AFA-DAE8-46A7-881C-6C35704D4CC9}.Debug|Any CPU.ActiveCfg = Debug|Any CPU
		{D31E8AFA-DAE8-46A7-881C-6C35704D4CC9}.Debug|Any CPU.Build.0 = Debug|Any CPU
		{D31E8AFA-DAE8-46A7-881C-6C35704D4CC9}.Release|Any CPU.ActiveCfg = Release|Any CPU
		{D31E8AFA-DAE8-46A7-881C-6C35704D4CC9}.Release|Any CPU.Build.0 = Release|Any CPU
		{A8D0258A-0046-4226-9314-53C0184B15E0}.Debug|Any CPU.ActiveCfg = Debug|Any CPU
		{A8D0258A-0046-4226-9314-53C0184B15E0}.Debug|Any CPU.Build.0 = Debug|Any CPU
		{A8D0258A-0046-4226-9314-53C0184B15E0}.Release|Any CPU.ActiveCfg = Release|Any CPU
		{A8D0258A-0046-4226-9314-53C0184B15E0}.Release|Any CPU.Build.0 = Release|Any CPU
		{E2E5D4BC-E306-4884-A30A-F781B433D685}.Debug|Any CPU.ActiveCfg = Debug|Any CPU
		{E2E5D4BC-E306-4884-A30A-F781B433D685}.Debug|Any CPU.Build.0 = Debug|Any CPU
		{E2E5D4BC-E306-4884-A30A-F781B433D685}.Release|Any CPU.ActiveCfg = Release|Any CPU
		{E2E5D4BC-E306-4884-A30A-F781B433D685}.Release|Any CPU.Build.0 = Release|Any CPU
		{A35EDCD8-7D42-4B4D-853B-B2F6EB195905}.Debug|Any CPU.ActiveCfg = Debug|Any CPU
		{A35EDCD8-7D42-4B4D-853B-B2F6EB195905}.Debug|Any CPU.Build.0 = Debug|Any CPU
		{A35EDCD8-7D42-4B4D-853B-B2F6EB195905}.Release|Any CPU.ActiveCfg = Release|Any CPU
		{A35EDCD8-7D42-4B4D-853B-B2F6EB195905}.Release|Any CPU.Build.0 = Release|Any CPU
		{31BC4A34-6B59-4B1E-8125-76B9AF012CE3}.Debug|Any CPU.ActiveCfg = Debug|Any CPU
		{31BC4A34-6B59-4B1E-8125-76B9AF012CE3}.Debug|Any CPU.Build.0 = Debug|Any CPU
		{31BC4A34-6B59-4B1E-8125-76B9AF012CE3}.Release|Any CPU.ActiveCfg = Release|Any CPU
		{31BC4A34-6B59-4B1E-8125-76B9AF012CE3}.Release|Any CPU.Build.0 = Release|Any CPU
		{D7DA3733-8975-49FB-904E-08B9151B26DF}.Debug|Any CPU.ActiveCfg = Debug|Any CPU
		{D7DA3733-8975-49FB-904E-08B9151B26DF}.Debug|Any CPU.Build.0 = Debug|Any CPU
		{D7DA3733-8975-49FB-904E-08B9151B26DF}.Release|Any CPU.ActiveCfg = Release|Any CPU
		{D7DA3733-8975-49FB-904E-08B9151B26DF}.Release|Any CPU.Build.0 = Release|Any CPU
		{99D1B5ED-49BE-42DA-8A96-E9E2F89CB8E7}.Debug|Any CPU.ActiveCfg = Debug|Any CPU
		{99D1B5ED-49BE-42DA-8A96-E9E2F89CB8E7}.Debug|Any CPU.Build.0 = Debug|Any CPU
		{99D1B5ED-49BE-42DA-8A96-E9E2F89CB8E7}.Release|Any CPU.ActiveCfg = Release|Any CPU
		{99D1B5ED-49BE-42DA-8A96-E9E2F89CB8E7}.Release|Any CPU.Build.0 = Release|Any CPU
		{EF75B143-B270-4D8F-BD12-77677D832B82}.Debug|Any CPU.ActiveCfg = Debug|Any CPU
		{EF75B143-B270-4D8F-BD12-77677D832B82}.Debug|Any CPU.Build.0 = Debug|Any CPU
		{EF75B143-B270-4D8F-BD12-77677D832B82}.Release|Any CPU.ActiveCfg = Release|Any CPU
		{EF75B143-B270-4D8F-BD12-77677D832B82}.Release|Any CPU.Build.0 = Release|Any CPU
		{B6F42DAD-FA8A-4F09-9E7B-62DE9217641B}.Debug|Any CPU.ActiveCfg = Debug|Any CPU
		{B6F42DAD-FA8A-4F09-9E7B-62DE9217641B}.Debug|Any CPU.Build.0 = Debug|Any CPU
		{B6F42DAD-FA8A-4F09-9E7B-62DE9217641B}.Release|Any CPU.ActiveCfg = Release|Any CPU
		{B6F42DAD-FA8A-4F09-9E7B-62DE9217641B}.Release|Any CPU.Build.0 = Release|Any CPU
		{B21015C2-7EB3-41D1-9BBD-6F756A0C9AEA}.Debug|Any CPU.ActiveCfg = Debug|Any CPU
		{B21015C2-7EB3-41D1-9BBD-6F756A0C9AEA}.Debug|Any CPU.Build.0 = Debug|Any CPU
		{B21015C2-7EB3-41D1-9BBD-6F756A0C9AEA}.Release|Any CPU.ActiveCfg = Release|Any CPU
		{B21015C2-7EB3-41D1-9BBD-6F756A0C9AEA}.Release|Any CPU.Build.0 = Release|Any CPU
		{51FB83FF-43F4-4606-8A45-2B8099F63F66}.Debug|Any CPU.ActiveCfg = Debug|Any CPU
		{51FB83FF-43F4-4606-8A45-2B8099F63F66}.Debug|Any CPU.Build.0 = Debug|Any CPU
		{51FB83FF-43F4-4606-8A45-2B8099F63F66}.Release|Any CPU.ActiveCfg = Release|Any CPU
		{51FB83FF-43F4-4606-8A45-2B8099F63F66}.Release|Any CPU.Build.0 = Release|Any CPU
		{AFA1698F-AA02-4702-95B7-1966EB781E7A}.Debug|Any CPU.ActiveCfg = Debug|Any CPU
		{AFA1698F-AA02-4702-95B7-1966EB781E7A}.Debug|Any CPU.Build.0 = Debug|Any CPU
		{AFA1698F-AA02-4702-95B7-1966EB781E7A}.Release|Any CPU.ActiveCfg = Release|Any CPU
		{AFA1698F-AA02-4702-95B7-1966EB781E7A}.Release|Any CPU.Build.0 = Release|Any CPU
		{444497E3-75D2-4C8B-8A51-5CFE0608D456}.Debug|Any CPU.ActiveCfg = Debug|Any CPU
		{444497E3-75D2-4C8B-8A51-5CFE0608D456}.Debug|Any CPU.Build.0 = Debug|Any CPU
		{444497E3-75D2-4C8B-8A51-5CFE0608D456}.Release|Any CPU.ActiveCfg = Release|Any CPU
		{444497E3-75D2-4C8B-8A51-5CFE0608D456}.Release|Any CPU.Build.0 = Release|Any CPU
	EndGlobalSection
	GlobalSection(SolutionProperties) = preSolution
		HideSolutionNode = FALSE
	EndGlobalSection
	GlobalSection(NestedProjects) = preSolution
		{ED68869C-6949-40A8-91B3-88B2C3DB0335} = {B34560BF-733F-4E9B-AEBF-C6681D927CC7}
		{5F8D20A0-A341-4B3A-9FB7-4CFDD82DDF7C} = {B34560BF-733F-4E9B-AEBF-C6681D927CC7}
		{F123E50B-D00A-49BF-A148-C69F0D9D7A7B} = {B34560BF-733F-4E9B-AEBF-C6681D927CC7}
		{CC2813D6-8E90-4D6B-B764-A5E1D161E515} = {B34560BF-733F-4E9B-AEBF-C6681D927CC7}
		{460C3585-02A6-4E07-A17F-561D7C436E9D} = {B34560BF-733F-4E9B-AEBF-C6681D927CC7}
		{B2B84161-C6B1-4CD8-9BE9-8193006E4A86} = {B34560BF-733F-4E9B-AEBF-C6681D927CC7}
		{4EEF5265-2881-4854-B773-2DFD868DE8FF} = {B34560BF-733F-4E9B-AEBF-C6681D927CC7}
		{D31E8AFA-DAE8-46A7-881C-6C35704D4CC9} = {ED68869C-6949-40A8-91B3-88B2C3DB0335}
		{A8D0258A-0046-4226-9314-53C0184B15E0} = {ED68869C-6949-40A8-91B3-88B2C3DB0335}
		{E2E5D4BC-E306-4884-A30A-F781B433D685} = {ED68869C-6949-40A8-91B3-88B2C3DB0335}
		{A35EDCD8-7D42-4B4D-853B-B2F6EB195905} = {ED68869C-6949-40A8-91B3-88B2C3DB0335}
		{31BC4A34-6B59-4B1E-8125-76B9AF012CE3} = {ED68869C-6949-40A8-91B3-88B2C3DB0335}
		{D7DA3733-8975-49FB-904E-08B9151B26DF} = {ED68869C-6949-40A8-91B3-88B2C3DB0335}
		{99D1B5ED-49BE-42DA-8A96-E9E2F89CB8E7} = {ED68869C-6949-40A8-91B3-88B2C3DB0335}
		{EF75B143-B270-4D8F-BD12-77677D832B82} = {ED68869C-6949-40A8-91B3-88B2C3DB0335}
		{B6F42DAD-FA8A-4F09-9E7B-62DE9217641B} = {ED68869C-6949-40A8-91B3-88B2C3DB0335}
		{B21015C2-7EB3-41D1-9BBD-6F756A0C9AEA} = {ED68869C-6949-40A8-91B3-88B2C3DB0335}
		{51FB83FF-43F4-4606-8A45-2B8099F63F66} = {4DC44C11-D8ED-4F68-AF56-67071A684C43}
		{AFA1698F-AA02-4702-95B7-1966EB781E7A} = {4DC44C11-D8ED-4F68-AF56-67071A684C43}
		{444497E3-75D2-4C8B-8A51-5CFE0608D456} = {4DC44C11-D8ED-4F68-AF56-67071A684C43}
	EndGlobalSection
	GlobalSection(ExtensibilityGlobals) = postSolution
		SolutionGuid = {AB40D0C5-E3EA-4A9B-86C2-38F0BB33FC04}
	EndGlobalSection
EndGlobal
